// !$*UTF8*$!
{
	archiveVersion = 1;
	classes = {
	};
	objectVersion = 46;
	objects = {

/* Begin PBXBuildFile section */
		3336AF501A23A3820086C2DC /* AJGShareLocations.m in Sources */ = {isa = PBXBuildFile; fileRef = 3336AF4F1A23A3820086C2DC /* AJGShareLocations.m */; };
		3336AF561A23B1AE0086C2DC /* AJGHttpCommunicator.m in Sources */ = {isa = PBXBuildFile; fileRef = 3336AF551A23B1AE0086C2DC /* AJGHttpCommunicator.m */; };
		33451CFD1A1FB4ED0087EC30 /* Foundation.framework in Frameworks */ = {isa = PBXBuildFile; fileRef = 33451CFC1A1FB4ED0087EC30 /* Foundation.framework */; };
		33451CFF1A1FB4ED0087EC30 /* CoreGraphics.framework in Frameworks */ = {isa = PBXBuildFile; fileRef = 33451CFE1A1FB4ED0087EC30 /* CoreGraphics.framework */; };
		33451D011A1FB4ED0087EC30 /* UIKit.framework in Frameworks */ = {isa = PBXBuildFile; fileRef = 33451D001A1FB4ED0087EC30 /* UIKit.framework */; };
		33451D071A1FB4ED0087EC30 /* InfoPlist.strings in Resources */ = {isa = PBXBuildFile; fileRef = 33451D051A1FB4ED0087EC30 /* InfoPlist.strings */; };
		33451D091A1FB4ED0087EC30 /* main.m in Sources */ = {isa = PBXBuildFile; fileRef = 33451D081A1FB4ED0087EC30 /* main.m */; };
		33451D0D1A1FB4ED0087EC30 /* AJGAppDelegate.m in Sources */ = {isa = PBXBuildFile; fileRef = 33451D0C1A1FB4ED0087EC30 /* AJGAppDelegate.m */; };
		33451D0F1A1FB4ED0087EC30 /* Images.xcassets in Resources */ = {isa = PBXBuildFile; fileRef = 33451D0E1A1FB4ED0087EC30 /* Images.xcassets */; };
		33451D161A1FB4ED0087EC30 /* XCTest.framework in Frameworks */ = {isa = PBXBuildFile; fileRef = 33451D151A1FB4ED0087EC30 /* XCTest.framework */; };
		33451D171A1FB4ED0087EC30 /* Foundation.framework in Frameworks */ = {isa = PBXBuildFile; fileRef = 33451CFC1A1FB4ED0087EC30 /* Foundation.framework */; };
		33451D181A1FB4ED0087EC30 /* UIKit.framework in Frameworks */ = {isa = PBXBuildFile; fileRef = 33451D001A1FB4ED0087EC30 /* UIKit.framework */; };
		33451D201A1FB4ED0087EC30 /* InfoPlist.strings in Resources */ = {isa = PBXBuildFile; fileRef = 33451D1E1A1FB4ED0087EC30 /* InfoPlist.strings */; };
		33451D221A1FB4ED0087EC30 /* McDistanceTests.m in Sources */ = {isa = PBXBuildFile; fileRef = 33451D211A1FB4ED0087EC30 /* McDistanceTests.m */; };
		33451D2E1A1FB5850087EC30 /* AJGHomeViewController.m in Sources */ = {isa = PBXBuildFile; fileRef = 33451D2C1A1FB5850087EC30 /* AJGHomeViewController.m */; };
		33451D2F1A1FB5850087EC30 /* AJGHomeViewController.xib in Resources */ = {isa = PBXBuildFile; fileRef = 33451D2D1A1FB5850087EC30 /* AJGHomeViewController.xib */; };
		33451D311A1FB9390087EC30 /* MapKit.framework in Frameworks */ = {isa = PBXBuildFile; fileRef = 33451D301A1FB9390087EC30 /* MapKit.framework */; };
		3351933C1A2CE8A800054382 /* AJGSettingsViewController.m in Sources */ = {isa = PBXBuildFile; fileRef = 3351933A1A2CE8A800054382 /* AJGSettingsViewController.m */; };
		3351933D1A2CE8A800054382 /* AJGSettingsViewController.xib in Resources */ = {isa = PBXBuildFile; fileRef = 3351933B1A2CE8A800054382 /* AJGSettingsViewController.xib */; };
		337CEB451A2BB891001BBFB8 /* AJGPlace.m in Sources */ = {isa = PBXBuildFile; fileRef = 337CEB441A2BB891001BBFB8 /* AJGPlace.m */; };
		33F984991A1FBA5500F6D528 /* AJGDirectionsViewController.m in Sources */ = {isa = PBXBuildFile; fileRef = 33F984971A1FBA5500F6D528 /* AJGDirectionsViewController.m */; };
		33F9849A1A1FBA5500F6D528 /* AJGDirectionsViewController.xib in Resources */ = {isa = PBXBuildFile; fileRef = 33F984981A1FBA5500F6D528 /* AJGDirectionsViewController.xib */; };
		33F9849C1A1FBFD700F6D528 /* CoreLocation.framework in Frameworks */ = {isa = PBXBuildFile; fileRef = 33F9849B1A1FBFD700F6D528 /* CoreLocation.framework */; };
/* End PBXBuildFile section */

/* Begin PBXContainerItemProxy section */
		33451D191A1FB4ED0087EC30 /* PBXContainerItemProxy */ = {
			isa = PBXContainerItemProxy;
			containerPortal = 33451CF11A1FB4ED0087EC30 /* Project object */;
			proxyType = 1;
			remoteGlobalIDString = 33451CF81A1FB4ED0087EC30;
			remoteInfo = McDistance;
		};
/* End PBXContainerItemProxy section */

/* Begin PBXFileReference section */
		3336AF4E1A23A3820086C2DC /* AJGShareLocations.h */ = {isa = PBXFileReference; fileEncoding = 4; lastKnownFileType = sourcecode.c.h; name = AJGShareLocations.h; path = McDistance/AJGShareLocations.h; sourceTree = "<group>"; };
		3336AF4F1A23A3820086C2DC /* AJGShareLocations.m */ = {isa = PBXFileReference; fileEncoding = 4; lastKnownFileType = sourcecode.c.objc; name = AJGShareLocations.m; path = McDistance/AJGShareLocations.m; sourceTree = "<group>"; };
		3336AF541A23B1AE0086C2DC /* AJGHttpCommunicator.h */ = {isa = PBXFileReference; fileEncoding = 4; lastKnownFileType = sourcecode.c.h; name = AJGHttpCommunicator.h; path = McDistance/AJGHttpCommunicator.h; sourceTree = "<group>"; };
		3336AF551A23B1AE0086C2DC /* AJGHttpCommunicator.m */ = {isa = PBXFileReference; fileEncoding = 4; lastKnownFileType = sourcecode.c.objc; name = AJGHttpCommunicator.m; path = McDistance/AJGHttpCommunicator.m; sourceTree = "<group>"; };
		33451CF91A1FB4ED0087EC30 /* McDistance.app */ = {isa = PBXFileReference; explicitFileType = wrapper.application; includeInIndex = 0; path = McDistance.app; sourceTree = BUILT_PRODUCTS_DIR; };
		33451CFC1A1FB4ED0087EC30 /* Foundation.framework */ = {isa = PBXFileReference; lastKnownFileType = wrapper.framework; name = Foundation.framework; path = System/Library/Frameworks/Foundation.framework; sourceTree = SDKROOT; };
		33451CFE1A1FB4ED0087EC30 /* CoreGraphics.framework */ = {isa = PBXFileReference; lastKnownFileType = wrapper.framework; name = CoreGraphics.framework; path = System/Library/Frameworks/CoreGraphics.framework; sourceTree = SDKROOT; };
		33451D001A1FB4ED0087EC30 /* UIKit.framework */ = {isa = PBXFileReference; lastKnownFileType = wrapper.framework; name = UIKit.framework; path = System/Library/Frameworks/UIKit.framework; sourceTree = SDKROOT; };
		33451D041A1FB4ED0087EC30 /* McDistance-Info.plist */ = {isa = PBXFileReference; lastKnownFileType = text.plist.xml; path = "McDistance-Info.plist"; sourceTree = "<group>"; };
		33451D061A1FB4ED0087EC30 /* en */ = {isa = PBXFileReference; lastKnownFileType = text.plist.strings; name = en; path = en.lproj/InfoPlist.strings; sourceTree = "<group>"; };
		33451D081A1FB4ED0087EC30 /* main.m */ = {isa = PBXFileReference; lastKnownFileType = sourcecode.c.objc; path = main.m; sourceTree = "<group>"; };
		33451D0A1A1FB4ED0087EC30 /* McDistance-Prefix.pch */ = {isa = PBXFileReference; lastKnownFileType = sourcecode.c.h; path = "McDistance-Prefix.pch"; sourceTree = "<group>"; };
		33451D0B1A1FB4ED0087EC30 /* AJGAppDelegate.h */ = {isa = PBXFileReference; lastKnownFileType = sourcecode.c.h; path = AJGAppDelegate.h; sourceTree = "<group>"; };
		33451D0C1A1FB4ED0087EC30 /* AJGAppDelegate.m */ = {isa = PBXFileReference; lastKnownFileType = sourcecode.c.objc; path = AJGAppDelegate.m; sourceTree = "<group>"; };
		33451D0E1A1FB4ED0087EC30 /* Images.xcassets */ = {isa = PBXFileReference; lastKnownFileType = folder.assetcatalog; path = Images.xcassets; sourceTree = "<group>"; };
		33451D141A1FB4ED0087EC30 /* McDistanceTests.xctest */ = {isa = PBXFileReference; explicitFileType = wrapper.cfbundle; includeInIndex = 0; path = McDistanceTests.xctest; sourceTree = BUILT_PRODUCTS_DIR; };
		33451D151A1FB4ED0087EC30 /* XCTest.framework */ = {isa = PBXFileReference; lastKnownFileType = wrapper.framework; name = XCTest.framework; path = Library/Frameworks/XCTest.framework; sourceTree = DEVELOPER_DIR; };
		33451D1D1A1FB4ED0087EC30 /* McDistanceTests-Info.plist */ = {isa = PBXFileReference; lastKnownFileType = text.plist.xml; path = "McDistanceTests-Info.plist"; sourceTree = "<group>"; };
		33451D1F1A1FB4ED0087EC30 /* en */ = {isa = PBXFileReference; lastKnownFileType = text.plist.strings; name = en; path = en.lproj/InfoPlist.strings; sourceTree = "<group>"; };
		33451D211A1FB4ED0087EC30 /* McDistanceTests.m */ = {isa = PBXFileReference; lastKnownFileType = sourcecode.c.objc; path = McDistanceTests.m; sourceTree = "<group>"; };
		33451D2B1A1FB5850087EC30 /* AJGHomeViewController.h */ = {isa = PBXFileReference; fileEncoding = 4; lastKnownFileType = sourcecode.c.h; name = AJGHomeViewController.h; path = McDistance/AJGHomeViewController.h; sourceTree = "<group>"; };
		33451D2C1A1FB5850087EC30 /* AJGHomeViewController.m */ = {isa = PBXFileReference; fileEncoding = 4; lastKnownFileType = sourcecode.c.objc; name = AJGHomeViewController.m; path = McDistance/AJGHomeViewController.m; sourceTree = "<group>"; };
		33451D2D1A1FB5850087EC30 /* AJGHomeViewController.xib */ = {isa = PBXFileReference; fileEncoding = 4; lastKnownFileType = file.xib; name = AJGHomeViewController.xib; path = McDistance/AJGHomeViewController.xib; sourceTree = "<group>"; };
		33451D301A1FB9390087EC30 /* MapKit.framework */ = {isa = PBXFileReference; lastKnownFileType = wrapper.framework; name = MapKit.framework; path = System/Library/Frameworks/MapKit.framework; sourceTree = SDKROOT; };
		335193391A2CE8A800054382 /* AJGSettingsViewController.h */ = {isa = PBXFileReference; fileEncoding = 4; lastKnownFileType = sourcecode.c.h; name = AJGSettingsViewController.h; path = McDistance/AJGSettingsViewController.h; sourceTree = "<group>"; };
		3351933A1A2CE8A800054382 /* AJGSettingsViewController.m */ = {isa = PBXFileReference; fileEncoding = 4; lastKnownFileType = sourcecode.c.objc; name = AJGSettingsViewController.m; path = McDistance/AJGSettingsViewController.m; sourceTree = "<group>"; };
		3351933B1A2CE8A800054382 /* AJGSettingsViewController.xib */ = {isa = PBXFileReference; fileEncoding = 4; lastKnownFileType = file.xib; name = AJGSettingsViewController.xib; path = McDistance/AJGSettingsViewController.xib; sourceTree = "<group>"; };
		337CEB431A2BB891001BBFB8 /* AJGPlace.h */ = {isa = PBXFileReference; fileEncoding = 4; lastKnownFileType = sourcecode.c.h; name = AJGPlace.h; path = McDistance/AJGPlace.h; sourceTree = "<group>"; };
		337CEB441A2BB891001BBFB8 /* AJGPlace.m */ = {isa = PBXFileReference; fileEncoding = 4; lastKnownFileType = sourcecode.c.objc; name = AJGPlace.m; path = McDistance/AJGPlace.m; sourceTree = "<group>"; };
		33F984961A1FBA5500F6D528 /* AJGDirectionsViewController.h */ = {isa = PBXFileReference; fileEncoding = 4; lastKnownFileType = sourcecode.c.h; name = AJGDirectionsViewController.h; path = McDistance/AJGDirectionsViewController.h; sourceTree = "<group>"; };
		33F984971A1FBA5500F6D528 /* AJGDirectionsViewController.m */ = {isa = PBXFileReference; fileEncoding = 4; lastKnownFileType = sourcecode.c.objc; name = AJGDirectionsViewController.m; path = McDistance/AJGDirectionsViewController.m; sourceTree = "<group>"; };
		33F984981A1FBA5500F6D528 /* AJGDirectionsViewController.xib */ = {isa = PBXFileReference; fileEncoding = 4; lastKnownFileType = file.xib; name = AJGDirectionsViewController.xib; path = McDistance/AJGDirectionsViewController.xib; sourceTree = "<group>"; };
		33F9849B1A1FBFD700F6D528 /* CoreLocation.framework */ = {isa = PBXFileReference; lastKnownFileType = wrapper.framework; name = CoreLocation.framework; path = System/Library/Frameworks/CoreLocation.framework; sourceTree = SDKROOT; };
/* End PBXFileReference section */

/* Begin PBXFrameworksBuildPhase section */
		33451CF61A1FB4ED0087EC30 /* Frameworks */ = {
			isa = PBXFrameworksBuildPhase;
			buildActionMask = 2147483647;
			files = (
				33F9849C1A1FBFD700F6D528 /* CoreLocation.framework in Frameworks */,
				33451D311A1FB9390087EC30 /* MapKit.framework in Frameworks */,
				33451CFF1A1FB4ED0087EC30 /* CoreGraphics.framework in Frameworks */,
				33451D011A1FB4ED0087EC30 /* UIKit.framework in Frameworks */,
				33451CFD1A1FB4ED0087EC30 /* Foundation.framework in Frameworks */,
			);
			runOnlyForDeploymentPostprocessing = 0;
		};
		33451D111A1FB4ED0087EC30 /* Frameworks */ = {
			isa = PBXFrameworksBuildPhase;
			buildActionMask = 2147483647;
			files = (
				33451D161A1FB4ED0087EC30 /* XCTest.framework in Frameworks */,
				33451D181A1FB4ED0087EC30 /* UIKit.framework in Frameworks */,
				33451D171A1FB4ED0087EC30 /* Foundation.framework in Frameworks */,
			);
			runOnlyForDeploymentPostprocessing = 0;
		};
/* End PBXFrameworksBuildPhase section */

/* Begin PBXGroup section */
		33451CF01A1FB4ED0087EC30 = {
			isa = PBXGroup;
			children = (
				337CEB431A2BB891001BBFB8 /* AJGPlace.h */,
				337CEB441A2BB891001BBFB8 /* AJGPlace.m */,
				3336AF4E1A23A3820086C2DC /* AJGShareLocations.h */,
				3336AF4F1A23A3820086C2DC /* AJGShareLocations.m */,
				3336AF541A23B1AE0086C2DC /* AJGHttpCommunicator.h */,
				3336AF551A23B1AE0086C2DC /* AJGHttpCommunicator.m */,
				33451D2B1A1FB5850087EC30 /* AJGHomeViewController.h */,
				33451D2C1A1FB5850087EC30 /* AJGHomeViewController.m */,
				33451D2D1A1FB5850087EC30 /* AJGHomeViewController.xib */,
				335193391A2CE8A800054382 /* AJGSettingsViewController.h */,
				3351933A1A2CE8A800054382 /* AJGSettingsViewController.m */,
				3351933B1A2CE8A800054382 /* AJGSettingsViewController.xib */,
				33F984961A1FBA5500F6D528 /* AJGDirectionsViewController.h */,
				33F984971A1FBA5500F6D528 /* AJGDirectionsViewController.m */,
				33F984981A1FBA5500F6D528 /* AJGDirectionsViewController.xib */,
				33451D021A1FB4ED0087EC30 /* McDistance */,
				33451D1B1A1FB4ED0087EC30 /* McDistanceTests */,
				33451CFB1A1FB4ED0087EC30 /* Frameworks */,
				33451CFA1A1FB4ED0087EC30 /* Products */,
			);
			sourceTree = "<group>";
		};
		33451CFA1A1FB4ED0087EC30 /* Products */ = {
			isa = PBXGroup;
			children = (
				33451CF91A1FB4ED0087EC30 /* McDistance.app */,
				33451D141A1FB4ED0087EC30 /* McDistanceTests.xctest */,
			);
			name = Products;
			sourceTree = "<group>";
		};
		33451CFB1A1FB4ED0087EC30 /* Frameworks */ = {
			isa = PBXGroup;
			children = (
				33F9849B1A1FBFD700F6D528 /* CoreLocation.framework */,
				33451D301A1FB9390087EC30 /* MapKit.framework */,
				33451CFC1A1FB4ED0087EC30 /* Foundation.framework */,
				33451CFE1A1FB4ED0087EC30 /* CoreGraphics.framework */,
				33451D001A1FB4ED0087EC30 /* UIKit.framework */,
				33451D151A1FB4ED0087EC30 /* XCTest.framework */,
			);
			name = Frameworks;
			sourceTree = "<group>";
		};
		33451D021A1FB4ED0087EC30 /* McDistance */ = {
			isa = PBXGroup;
			children = (
				33451D0B1A1FB4ED0087EC30 /* AJGAppDelegate.h */,
				33451D0C1A1FB4ED0087EC30 /* AJGAppDelegate.m */,
				33451D0E1A1FB4ED0087EC30 /* Images.xcassets */,
				33451D031A1FB4ED0087EC30 /* Supporting Files */,
			);
			path = McDistance;
			sourceTree = "<group>";
		};
		33451D031A1FB4ED0087EC30 /* Supporting Files */ = {
			isa = PBXGroup;
			children = (
				33451D041A1FB4ED0087EC30 /* McDistance-Info.plist */,
				33451D051A1FB4ED0087EC30 /* InfoPlist.strings */,
				33451D081A1FB4ED0087EC30 /* main.m */,
				33451D0A1A1FB4ED0087EC30 /* McDistance-Prefix.pch */,
			);
			name = "Supporting Files";
			sourceTree = "<group>";
		};
		33451D1B1A1FB4ED0087EC30 /* McDistanceTests */ = {
			isa = PBXGroup;
			children = (
				33451D211A1FB4ED0087EC30 /* McDistanceTests.m */,
				33451D1C1A1FB4ED0087EC30 /* Supporting Files */,
			);
			path = McDistanceTests;
			sourceTree = "<group>";
		};
		33451D1C1A1FB4ED0087EC30 /* Supporting Files */ = {
			isa = PBXGroup;
			children = (
				33451D1D1A1FB4ED0087EC30 /* McDistanceTests-Info.plist */,
				33451D1E1A1FB4ED0087EC30 /* InfoPlist.strings */,
			);
			name = "Supporting Files";
			sourceTree = "<group>";
		};
/* End PBXGroup section */

/* Begin PBXNativeTarget section */
		33451CF81A1FB4ED0087EC30 /* McDistance */ = {
			isa = PBXNativeTarget;
			buildConfigurationList = 33451D251A1FB4ED0087EC30 /* Build configuration list for PBXNativeTarget "McDistance" */;
			buildPhases = (
				33451CF51A1FB4ED0087EC30 /* Sources */,
				33451CF61A1FB4ED0087EC30 /* Frameworks */,
				33451CF71A1FB4ED0087EC30 /* Resources */,
			);
			buildRules = (
			);
			dependencies = (
			);
			name = McDistance;
			productName = McDistance;
			productReference = 33451CF91A1FB4ED0087EC30 /* McDistance.app */;
			productType = "com.apple.product-type.application";
		};
		33451D131A1FB4ED0087EC30 /* McDistanceTests */ = {
			isa = PBXNativeTarget;
			buildConfigurationList = 33451D281A1FB4ED0087EC30 /* Build configuration list for PBXNativeTarget "McDistanceTests" */;
			buildPhases = (
				33451D101A1FB4ED0087EC30 /* Sources */,
				33451D111A1FB4ED0087EC30 /* Frameworks */,
				33451D121A1FB4ED0087EC30 /* Resources */,
			);
			buildRules = (
			);
			dependencies = (
				33451D1A1A1FB4ED0087EC30 /* PBXTargetDependency */,
			);
			name = McDistanceTests;
			productName = McDistanceTests;
			productReference = 33451D141A1FB4ED0087EC30 /* McDistanceTests.xctest */;
			productType = "com.apple.product-type.bundle.unit-test";
		};
/* End PBXNativeTarget section */

/* Begin PBXProject section */
		33451CF11A1FB4ED0087EC30 /* Project object */ = {
			isa = PBXProject;
			attributes = {
				CLASSPREFIX = AJG;
				LastUpgradeCheck = 0510;
				ORGANIZATIONNAME = com.andrewjgreenman;
				TargetAttributes = {
					33451D131A1FB4ED0087EC30 = {
						TestTargetID = 33451CF81A1FB4ED0087EC30;
					};
				};
			};
			buildConfigurationList = 33451CF41A1FB4ED0087EC30 /* Build configuration list for PBXProject "McDistance" */;
			compatibilityVersion = "Xcode 3.2";
			developmentRegion = English;
			hasScannedForEncodings = 0;
			knownRegions = (
				en,
			);
			mainGroup = 33451CF01A1FB4ED0087EC30;
			productRefGroup = 33451CFA1A1FB4ED0087EC30 /* Products */;
			projectDirPath = "";
			projectRoot = "";
			targets = (
				33451CF81A1FB4ED0087EC30 /* McDistance */,
				33451D131A1FB4ED0087EC30 /* McDistanceTests */,
			);
		};
/* End PBXProject section */

/* Begin PBXResourcesBuildPhase section */
		33451CF71A1FB4ED0087EC30 /* Resources */ = {
			isa = PBXResourcesBuildPhase;
			buildActionMask = 2147483647;
			files = (
				33451D071A1FB4ED0087EC30 /* InfoPlist.strings in Resources */,
				3351933D1A2CE8A800054382 /* AJGSettingsViewController.xib in Resources */,
				33F9849A1A1FBA5500F6D528 /* AJGDirectionsViewController.xib in Resources */,
				33451D0F1A1FB4ED0087EC30 /* Images.xcassets in Resources */,
				33451D2F1A1FB5850087EC30 /* AJGHomeViewController.xib in Resources */,
			);
			runOnlyForDeploymentPostprocessing = 0;
		};
		33451D121A1FB4ED0087EC30 /* Resources */ = {
			isa = PBXResourcesBuildPhase;
			buildActionMask = 2147483647;
			files = (
				33451D201A1FB4ED0087EC30 /* InfoPlist.strings in Resources */,
			);
			runOnlyForDeploymentPostprocessing = 0;
		};
/* End PBXResourcesBuildPhase section */

/* Begin PBXSourcesBuildPhase section */
		33451CF51A1FB4ED0087EC30 /* Sources */ = {
			isa = PBXSourcesBuildPhase;
			buildActionMask = 2147483647;
			files = (
				3351933C1A2CE8A800054382 /* AJGSettingsViewController.m in Sources */,
				33451D2E1A1FB5850087EC30 /* AJGHomeViewController.m in Sources */,
				33F984991A1FBA5500F6D528 /* AJGDirectionsViewController.m in Sources */,
				3336AF501A23A3820086C2DC /* AJGShareLocations.m in Sources */,
				3336AF561A23B1AE0086C2DC /* AJGHttpCommunicator.m in Sources */,
				33451D091A1FB4ED0087EC30 /* main.m in Sources */,
				337CEB451A2BB891001BBFB8 /* AJGPlace.m in Sources */,
				33451D0D1A1FB4ED0087EC30 /* AJGAppDelegate.m in Sources */,
			);
			runOnlyForDeploymentPostprocessing = 0;
		};
		33451D101A1FB4ED0087EC30 /* Sources */ = {
			isa = PBXSourcesBuildPhase;
			buildActionMask = 2147483647;
			files = (
				33451D221A1FB4ED0087EC30 /* McDistanceTests.m in Sources */,
			);
			runOnlyForDeploymentPostprocessing = 0;
		};
/* End PBXSourcesBuildPhase section */

/* Begin PBXTargetDependency section */
		33451D1A1A1FB4ED0087EC30 /* PBXTargetDependency */ = {
			isa = PBXTargetDependency;
			target = 33451CF81A1FB4ED0087EC30 /* McDistance */;
			targetProxy = 33451D191A1FB4ED0087EC30 /* PBXContainerItemProxy */;
		};
/* End PBXTargetDependency section */

/* Begin PBXVariantGroup section */
		33451D051A1FB4ED0087EC30 /* InfoPlist.strings */ = {
			isa = PBXVariantGroup;
			children = (
				33451D061A1FB4ED0087EC30 /* en */,
			);
			name = InfoPlist.strings;
			sourceTree = "<group>";
		};
		33451D1E1A1FB4ED0087EC30 /* InfoPlist.strings */ = {
			isa = PBXVariantGroup;
			children = (
				33451D1F1A1FB4ED0087EC30 /* en */,
			);
			name = InfoPlist.strings;
			sourceTree = "<group>";
		};
/* End PBXVariantGroup section */

/* Begin XCBuildConfiguration section */
		33451D231A1FB4ED0087EC30 /* Debug */ = {
			isa = XCBuildConfiguration;
			buildSettings = {
				ALWAYS_SEARCH_USER_PATHS = NO;
				CLANG_CXX_LANGUAGE_STANDARD = "gnu++0x";
				CLANG_CXX_LIBRARY = "libc++";
				CLANG_ENABLE_MODULES = YES;
				CLANG_ENABLE_OBJC_ARC = YES;
				CLANG_WARN_BOOL_CONVERSION = YES;
				CLANG_WARN_CONSTANT_CONVERSION = YES;
				CLANG_WARN_DIRECT_OBJC_ISA_USAGE = YES_ERROR;
				CLANG_WARN_EMPTY_BODY = YES;
				CLANG_WARN_ENUM_CONVERSION = YES;
				CLANG_WARN_INT_CONVERSION = YES;
				CLANG_WARN_OBJC_ROOT_CLASS = YES_ERROR;
				CLANG_WARN__DUPLICATE_METHOD_MATCH = YES;
				"CODE_SIGN_IDENTITY[sdk=iphoneos*]" = "iPhone Developer";
				COPY_PHASE_STRIP = NO;
				GCC_C_LANGUAGE_STANDARD = gnu99;
				GCC_DYNAMIC_NO_PIC = NO;
				GCC_OPTIMIZATION_LEVEL = 0;
				GCC_PREPROCESSOR_DEFINITIONS = (
					"DEBUG=1",
					"$(inherited)",
				);
				GCC_SYMBOLS_PRIVATE_EXTERN = NO;
				GCC_WARN_64_TO_32_BIT_CONVERSION = YES;
				GCC_WARN_ABOUT_RETURN_TYPE = YES_ERROR;
				GCC_WARN_UNDECLARED_SELECTOR = YES;
				GCC_WARN_UNINITIALIZED_AUTOS = YES_AGGRESSIVE;
				GCC_WARN_UNUSED_FUNCTION = YES;
				GCC_WARN_UNUSED_VARIABLE = YES;
				IPHONEOS_DEPLOYMENT_TARGET = 7.1;
				ONLY_ACTIVE_ARCH = YES;
				SDKROOT = iphoneos;
			};
			name = Debug;
		};
		33451D241A1FB4ED0087EC30 /* Release */ = {
			isa = XCBuildConfiguration;
			buildSettings = {
				ALWAYS_SEARCH_USER_PATHS = NO;
				CLANG_CXX_LANGUAGE_STANDARD = "gnu++0x";
				CLANG_CXX_LIBRARY = "libc++";
				CLANG_ENABLE_MODULES = YES;
				CLANG_ENABLE_OBJC_ARC = YES;
				CLANG_WARN_BOOL_CONVERSION = YES;
				CLANG_WARN_CONSTANT_CONVERSION = YES;
				CLANG_WARN_DIRECT_OBJC_ISA_USAGE = YES_ERROR;
				CLANG_WARN_EMPTY_BODY = YES;
				CLANG_WARN_ENUM_CONVERSION = YES;
				CLANG_WARN_INT_CONVERSION = YES;
				CLANG_WARN_OBJC_ROOT_CLASS = YES_ERROR;
				CLANG_WARN__DUPLICATE_METHOD_MATCH = YES;
				"CODE_SIGN_IDENTITY[sdk=iphoneos*]" = "iPhone Developer";
				COPY_PHASE_STRIP = YES;
				ENABLE_NS_ASSERTIONS = NO;
				GCC_C_LANGUAGE_STANDARD = gnu99;
				GCC_WARN_64_TO_32_BIT_CONVERSION = YES;
				GCC_WARN_ABOUT_RETURN_TYPE = YES_ERROR;
				GCC_WARN_UNDECLARED_SELECTOR = YES;
				GCC_WARN_UNINITIALIZED_AUTOS = YES_AGGRESSIVE;
				GCC_WARN_UNUSED_FUNCTION = YES;
				GCC_WARN_UNUSED_VARIABLE = YES;
				IPHONEOS_DEPLOYMENT_TARGET = 7.1;
				SDKROOT = iphoneos;
				VALIDATE_PRODUCT = YES;
			};
			name = Release;
		};
		33451D261A1FB4ED0087EC30 /* Debug */ = {
			isa = XCBuildConfiguration;
			buildSettings = {
				ASSETCATALOG_COMPILER_APPICON_NAME = AppIcon;
				ASSETCATALOG_COMPILER_LAUNCHIMAGE_NAME = LaunchImage;
				GCC_PRECOMPILE_PREFIX_HEADER = YES;
				GCC_PREFIX_HEADER = "McDistance/McDistance-Prefix.pch";
				INFOPLIST_FILE = "McDistance/McDistance-Info.plist";
				PRODUCT_NAME = "$(TARGET_NAME)";
				WRAPPER_EXTENSION = app;
			};
			name = Debug;
		};
		33451D271A1FB4ED0087EC30 /* Release */ = {
			isa = XCBuildConfiguration;
			buildSettings = {
				ASSETCATALOG_COMPILER_APPICON_NAME = AppIcon;
				ASSETCATALOG_COMPILER_LAUNCHIMAGE_NAME = LaunchImage;
				GCC_PRECOMPILE_PREFIX_HEADER = YES;
				GCC_PREFIX_HEADER = "McDistance/McDistance-Prefix.pch";
				INFOPLIST_FILE = "McDistance/McDistance-Info.plist";
				PRODUCT_NAME = "$(TARGET_NAME)";
				WRAPPER_EXTENSION = app;
			};
			name = Release;
		};
		33451D291A1FB4ED0087EC30 /* Debug */ = {
			isa = XCBuildConfiguration;
			buildSettings = {
				BUNDLE_LOADER = "$(BUILT_PRODUCTS_DIR)/McDistance.app/McDistance";
				FRAMEWORK_SEARCH_PATHS = (
					"$(SDKROOT)/Developer/Library/Frameworks",
					"$(inherited)",
					"$(DEVELOPER_FRAMEWORKS_DIR)",
				);
				GCC_PRECOMPILE_PREFIX_HEADER = YES;
				GCC_PREFIX_HEADER = "McDistance/McDistance-Prefix.pch";
				GCC_PREPROCESSOR_DEFINITIONS = (
					"DEBUG=1",
					"$(inherited)",
				);
				INFOPLIST_FILE = "McDistanceTests/McDistanceTests-Info.plist";
				PRODUCT_NAME = "$(TARGET_NAME)";
				TEST_HOST = "$(BUNDLE_LOADER)";
				WRAPPER_EXTENSION = xctest;
			};
			name = Debug;
		};
		33451D2A1A1FB4ED0087EC30 /* Release */ = {
			isa = XCBuildConfiguration;
			buildSettings = {
				BUNDLE_LOADER = "$(BUILT_PRODUCTS_DIR)/McDistance.app/McDistance";
				FRAMEWORK_SEARCH_PATHS = (
					"$(SDKROOT)/Developer/Library/Frameworks",
					"$(inherited)",
					"$(DEVELOPER_FRAMEWORKS_DIR)",
				);
				GCC_PRECOMPILE_PREFIX_HEADER = YES;
				GCC_PREFIX_HEADER = "McDistance/McDistance-Prefix.pch";
				INFOPLIST_FILE = "McDistanceTests/McDistanceTests-Info.plist";
				PRODUCT_NAME = "$(TARGET_NAME)";
				TEST_HOST = "$(BUNDLE_LOADER)";
				WRAPPER_EXTENSION = xctest;
			};
			name = Release;
		};
/* End XCBuildConfiguration section */

/* Begin XCConfigurationList section */
		33451CF41A1FB4ED0087EC30 /* Build configuration list for PBXProject "McDistance" */ = {
			isa = XCConfigurationList;
			buildConfigurations = (
				33451D231A1FB4ED0087EC30 /* Debug */,
				33451D241A1FB4ED0087EC30 /* Release */,
			);
			defaultConfigurationIsVisible = 0;
			defaultConfigurationName = Release;
		};
		33451D251A1FB4ED0087EC30 /* Build configuration list for PBXNativeTarget "McDistance" */ = {
			isa = XCConfigurationList;
			buildConfigurations = (
				33451D261A1FB4ED0087EC30 /* Debug */,
				33451D271A1FB4ED0087EC30 /* Release */,
			);
			defaultConfigurationIsVisible = 0;
			defaultConfigurationName = Release;
		};
		33451D281A1FB4ED0087EC30 /* Build configuration list for PBXNativeTarget "McDistanceTests" */ = {
			isa = XCConfigurationList;
			buildConfigurations = (
				33451D291A1FB4ED0087EC30 /* Debug */,
				33451D2A1A1FB4ED0087EC30 /* Release */,
			);
			defaultConfigurationIsVisible = 0;
			defaultConfigurationName = Release;
		};
/* End XCConfigurationList section */
	};
	rootObject = 33451CF11A1FB4ED0087EC30 /* Project object */;
}
